
Microsoft Visual Studio Solution File, Format Version 12.00
# Visual Studio Version 16
VisualStudioVersion = 16.0.34031.81
MinimumVisualStudioVersion = 10.0.40219.1
Project("{2150E333-8FDC-42A3-9474-1A3956D46DE8}") = "TaskReview", "TaskReview", "{A6DEE6CD-844B-46DB-B1A0-45ECC2E831BF}"
EndProject
Project("{FAE04EC0-301F-11D3-BF4B-00C04F79EFBC}") = "Tyuiu.ShunanovKE.Sprint3.TaskReview.V11", "Tyuiu.ShunanovKE.Sprint3.TaskReview.V11\Tyuiu.ShunanovKE.Sprint3.TaskReview.V11.csproj", "{61870B78-D9E3-4DB4-97FC-9A42252AAA7A}"
EndProject
Project("{FAE04EC0-301F-11D3-BF4B-00C04F79EFBC}") = "Tyuiu.ShunanovKE.Sprint3.TaskReview.V11.Lib", "Tyuiu.ShunanovKE.Sprint3.TaskReview.V11.Lib\Tyuiu.ShunanovKE.Sprint3.TaskReview.V11.Lib.csproj", "{8C9610EB-829A-4BDF-A50B-CAC40C554643}"
EndProject
Project("{FAE04EC0-301F-11D3-BF4B-00C04F79EFBC}") = "Tyuiu.ShunanovKE.Sprint3.TaskReview.V11.Test", "Tyuiu.ShunanovKE.Sprint3.TaskReview.V11.Test\Tyuiu.ShunanovKE.Sprint3.TaskReview.V11.Test.csproj", "{BCD81BE2-7091-401C-BFCC-C425D89E6514}"
EndProject
Global
	GlobalSection(SolutionConfigurationPlatforms) = preSolution
		Debug|Any CPU = Debug|Any CPU
		Release|Any CPU = Release|Any CPU
	EndGlobalSection
	GlobalSection(ProjectConfigurationPlatforms) = postSolution
		{61870B78-D9E3-4DB4-97FC-9A42252AAA7A}.Debug|Any CPU.ActiveCfg = Debug|Any CPU
		{61870B78-D9E3-4DB4-97FC-9A42252AAA7A}.Debug|Any CPU.Build.0 = Debug|Any CPU
		{61870B78-D9E3-4DB4-97FC-9A42252AAA7A}.Release|Any CPU.ActiveCfg = Release|Any CPU
		{61870B78-D9E3-4DB4-97FC-9A42252AAA7A}.Release|Any CPU.Build.0 = Release|Any CPU
		{8C9610EB-829A-4BDF-A50B-CAC40C554643}.Debug|Any CPU.ActiveCfg = Debug|Any CPU
		{8C9610EB-829A-4BDF-A50B-CAC40C554643}.Debug|Any CPU.Build.0 = Debug|Any CPU
		{8C9610EB-829A-4BDF-A50B-CAC40C554643}.Release|Any CPU.ActiveCfg = Release|Any CPU
		{8C9610EB-829A-4BDF-A50B-CAC40C554643}.Release|Any CPU.Build.0 = Release|Any CPU
		{BCD81BE2-7091-401C-BFCC-C425D89E6514}.Debug|Any CPU.ActiveCfg = Debug|Any CPU
		{BCD81BE2-7091-401C-BFCC-C425D89E6514}.Debug|Any CPU.Build.0 = Debug|Any CPU
		{BCD81BE2-7091-401C-BFCC-C425D89E6514}.Release|Any CPU.ActiveCfg = Release|Any CPU
		{BCD81BE2-7091-401C-BFCC-C425D89E6514}.Release|Any CPU.Build.0 = Release|Any CPU
	EndGlobalSection
	GlobalSection(SolutionProperties) = preSolution
		HideSolutionNode = FALSE
	EndGlobalSection
	GlobalSection(NestedProjects) = preSolution
		{61870B78-D9E3-4DB4-97FC-9A42252AAA7A} = {A6DEE6CD-844B-46DB-B1A0-45ECC2E831BF}
		{8C9610EB-829A-4BDF-A50B-CAC40C554643} = {A6DEE6CD-844B-46DB-B1A0-45ECC2E831BF}
		{BCD81BE2-7091-401C-BFCC-C425D89E6514} = {A6DEE6CD-844B-46DB-B1A0-45ECC2E831BF}
	EndGlobalSection
	GlobalSection(ExtensibilityGlobals) = postSolution
		SolutionGuid = {306613EE-4D2C-488B-BFE7-93D576F4EFCE}
	EndGlobalSection
EndGlobal
